{
  "pins" : [
    {
      "identity" : "sdwebimage",
      "kind" : "remoteSourceControl",
      "location" : "https://github.com/SDWebImage/SDWebImage",
      "state" : {
        "revision" : "ae3d0a7703eb883a876864f17a4591158199e9f2",
        "version" : "5.9.0"
      }
    }
  ],
  "version" : 2
}
