// !$*UTF8*$!
{
	archiveVersion = 1;
	classes = {
	};
	objectVersion = 56;
	objects = {

/* Begin PBXBuildFile section */
		FA60C94A2CB3A88B00E52337 /* AppDelegate.swift in Sources */ = {isa = PBXBuildFile; fileRef = FA60C9492CB3A88B00E52337 /* AppDelegate.swift */; };
		FA60C94E2CB3A88B00E52337 /* FeedViewController.swift in Sources */ = {isa = PBXBuildFile; fileRef = FA60C94D2CB3A88B00E52337 /* FeedViewController.swift */; };
		FA60C9532CB3A88E00E52337 /* Assets.xcassets in Resources */ = {isa = PBXBuildFile; fileRef = FA60C9522CB3A88E00E52337 /* Assets.xcassets */; };
		FA60C9562CB3A88E00E52337 /* LaunchScreen.storyboard in Resources */ = {isa = PBXBuildFile; fileRef = FA60C9542CB3A88E00E52337 /* LaunchScreen.storyboard */; };
		FA60C95E2CB3AFBB00E52337 /* AppCoordinator.swift in Sources */ = {isa = PBXBuildFile; fileRef = FA60C95D2CB3AFBB00E52337 /* AppCoordinator.swift */; };
		FA60C9602CB3B0DD00E52337 /* ReuseIdentifier.swift in Sources */ = {isa = PBXBuildFile; fileRef = FA60C95F2CB3B0DD00E52337 /* ReuseIdentifier.swift */; };
		FA60C9642CB3B1A300E52337 /* Localization.swift in Sources */ = {isa = PBXBuildFile; fileRef = FA60C9632CB3B1A300E52337 /* Localization.swift */; };
		FA60C9662CB3B1CA00E52337 /* Styles.swift in Sources */ = {isa = PBXBuildFile; fileRef = FA60C9652CB3B1CA00E52337 /* Styles.swift */; };
		FA60C9692CB3B32700E52337 /* Font.swift in Sources */ = {isa = PBXBuildFile; fileRef = FA60C9682CB3B32700E52337 /* Font.swift */; };
		FA60C96D2CB3B4DF00E52337 /* FavoritesViewController.swift in Sources */ = {isa = PBXBuildFile; fileRef = FA60C96C2CB3B4DF00E52337 /* FavoritesViewController.swift */; };
		FACCFDE82CB3D9640026C985 /* FeedCardViewModel.swift in Sources */ = {isa = PBXBuildFile; fileRef = FACCFDE72CB3D9640026C985 /* FeedCardViewModel.swift */; };
		FACCFDED2CB3DC530026C985 /* BlockBarButtonItem.swift in Sources */ = {isa = PBXBuildFile; fileRef = FACCFDEC2CB3DC530026C985 /* BlockBarButtonItem.swift */; };
		FACCFDEF2CB3DCB80026C985 /* Blocks.swift in Sources */ = {isa = PBXBuildFile; fileRef = FACCFDEE2CB3DCB80026C985 /* Blocks.swift */; };
		FACCFDF12CB3DE680026C985 /* FeedViewCell.swift in Sources */ = {isa = PBXBuildFile; fileRef = FACCFDF02CB3DE680026C985 /* FeedViewCell.swift */; };
		FACCFDF32CB3DEA50026C985 /* FeedCardView.swift in Sources */ = {isa = PBXBuildFile; fileRef = FACCFDF22CB3DEA50026C985 /* FeedCardView.swift */; };
		FACCFDF62CB3DF380026C985 /* UIColor + Ext.swift in Sources */ = {isa = PBXBuildFile; fileRef = FACCFDF52CB3DF380026C985 /* UIColor + Ext.swift */; };
		FACCFDF82CB3DFC80026C985 /* UIImage + URL.swift in Sources */ = {isa = PBXBuildFile; fileRef = FACCFDF72CB3DFC80026C985 /* UIImage + URL.swift */; };
		FACCFDFB2CB3E0320026C985 /* SDWebImage in Frameworks */ = {isa = PBXBuildFile; productRef = FACCFDFA2CB3E0320026C985 /* SDWebImage */; };
		FACCFDFD2CB3E0320026C985 /* SDWebImageMapKit in Frameworks */ = {isa = PBXBuildFile; productRef = FACCFDFC2CB3E0320026C985 /* SDWebImageMapKit */; };
		FACCFDFF2CB3E3350026C985 /* URLFactory.swift in Sources */ = {isa = PBXBuildFile; fileRef = FACCFDFE2CB3E3350026C985 /* URLFactory.swift */; };
		FACCFE012CB3E3970026C985 /* NetworkServiceProtocol.swift in Sources */ = {isa = PBXBuildFile; fileRef = FACCFE002CB3E3970026C985 /* NetworkServiceProtocol.swift */; };
		FACCFE032CB3E4360026C985 /* NetworkService.swift in Sources */ = {isa = PBXBuildFile; fileRef = FACCFE022CB3E4360026C985 /* NetworkService.swift */; };
		FACCFE052CB3E4AB0026C985 /* NetworkService + Articles.swift in Sources */ = {isa = PBXBuildFile; fileRef = FACCFE042CB3E4AB0026C985 /* NetworkService + Articles.swift */; };
		FACCFE092CB409F10026C985 /* ScreenFactory.swift in Sources */ = {isa = PBXBuildFile; fileRef = FACCFE082CB409F10026C985 /* ScreenFactory.swift */; };
		FACCFE0C2CB425960026C985 /* Articles.swift in Sources */ = {isa = PBXBuildFile; fileRef = FACCFE0B2CB425960026C985 /* Articles.swift */; };
		FACCFE102CB438420026C985 /* DetailViewController.swift in Sources */ = {isa = PBXBuildFile; fileRef = FACCFE0F2CB438420026C985 /* DetailViewController.swift */; };
		FACCFE122CB43A1E0026C985 /* DetailViewModel.swift in Sources */ = {isa = PBXBuildFile; fileRef = FACCFE112CB43A1E0026C985 /* DetailViewModel.swift */; };
		FACCFE142CB46C9C0026C985 /* FavoritesViewModel.swift in Sources */ = {isa = PBXBuildFile; fileRef = FACCFE132CB46C9C0026C985 /* FavoritesViewModel.swift */; };
		FACCFE162CB46E480026C985 /* String + Ext.swift in Sources */ = {isa = PBXBuildFile; fileRef = FACCFE152CB46E480026C985 /* String + Ext.swift */; };
		FACCFE192CB46EE50026C985 /* FavoriteTableViewCell.swift in Sources */ = {isa = PBXBuildFile; fileRef = FACCFE182CB46EE50026C985 /* FavoriteTableViewCell.swift */; };
		FACCFE1B2CB472450026C985 /* Notification + Ext.swift in Sources */ = {isa = PBXBuildFile; fileRef = FACCFE1A2CB472450026C985 /* Notification + Ext.swift */; };
/* End PBXBuildFile section */

/* Begin PBXFileReference section */
		FA60C9462CB3A88B00E52337 /* NewsApp.app */ = {isa = PBXFileReference; explicitFileType = wrapper.application; includeInIndex = 0; path = NewsApp.app; sourceTree = BUILT_PRODUCTS_DIR; };
		FA60C9492CB3A88B00E52337 /* AppDelegate.swift */ = {isa = PBXFileReference; lastKnownFileType = sourcecode.swift; path = AppDelegate.swift; sourceTree = "<group>"; };
		FA60C94D2CB3A88B00E52337 /* FeedViewController.swift */ = {isa = PBXFileReference; lastKnownFileType = sourcecode.swift; path = FeedViewController.swift; sourceTree = "<group>"; };
		FA60C9522CB3A88E00E52337 /* Assets.xcassets */ = {isa = PBXFileReference; lastKnownFileType = folder.assetcatalog; path = Assets.xcassets; sourceTree = "<group>"; };
		FA60C9552CB3A88E00E52337 /* Base */ = {isa = PBXFileReference; lastKnownFileType = file.storyboard; name = Base; path = Base.lproj/LaunchScreen.storyboard; sourceTree = "<group>"; };
		FA60C9572CB3A88E00E52337 /* Info.plist */ = {isa = PBXFileReference; lastKnownFileType = text.plist.xml; path = Info.plist; sourceTree = "<group>"; };
		FA60C95D2CB3AFBB00E52337 /* AppCoordinator.swift */ = {isa = PBXFileReference; lastKnownFileType = sourcecode.swift; path = AppCoordinator.swift; sourceTree = "<group>"; };
		FA60C95F2CB3B0DD00E52337 /* ReuseIdentifier.swift */ = {isa = PBXFileReference; lastKnownFileType = sourcecode.swift; path = ReuseIdentifier.swift; sourceTree = "<group>"; };
		FA60C9632CB3B1A300E52337 /* Localization.swift */ = {isa = PBXFileReference; lastKnownFileType = sourcecode.swift; path = Localization.swift; sourceTree = "<group>"; };
		FA60C9652CB3B1CA00E52337 /* Styles.swift */ = {isa = PBXFileReference; lastKnownFileType = sourcecode.swift; path = Styles.swift; sourceTree = "<group>"; };
		FA60C9682CB3B32700E52337 /* Font.swift */ = {isa = PBXFileReference; lastKnownFileType = sourcecode.swift; path = Font.swift; sourceTree = "<group>"; };
		FA60C96C2CB3B4DF00E52337 /* FavoritesViewController.swift */ = {isa = PBXFileReference; lastKnownFileType = sourcecode.swift; path = FavoritesViewController.swift; sourceTree = "<group>"; };
		FACCFDE72CB3D9640026C985 /* FeedCardViewModel.swift */ = {isa = PBXFileReference; lastKnownFileType = sourcecode.swift; path = FeedCardViewModel.swift; sourceTree = "<group>"; };
		FACCFDEC2CB3DC530026C985 /* BlockBarButtonItem.swift */ = {isa = PBXFileReference; lastKnownFileType = sourcecode.swift; path = BlockBarButtonItem.swift; sourceTree = "<group>"; };
		FACCFDEE2CB3DCB80026C985 /* Blocks.swift */ = {isa = PBXFileReference; lastKnownFileType = sourcecode.swift; path = Blocks.swift; sourceTree = "<group>"; };
		FACCFDF02CB3DE680026C985 /* FeedViewCell.swift */ = {isa = PBXFileReference; lastKnownFileType = sourcecode.swift; path = FeedViewCell.swift; sourceTree = "<group>"; };
		FACCFDF22CB3DEA50026C985 /* FeedCardView.swift */ = {isa = PBXFileReference; lastKnownFileType = sourcecode.swift; path = FeedCardView.swift; sourceTree = "<group>"; };
		FACCFDF52CB3DF380026C985 /* UIColor + Ext.swift */ = {isa = PBXFileReference; lastKnownFileType = sourcecode.swift; path = "UIColor + Ext.swift"; sourceTree = "<group>"; };
		FACCFDF72CB3DFC80026C985 /* UIImage + URL.swift */ = {isa = PBXFileReference; lastKnownFileType = sourcecode.swift; path = "UIImage + URL.swift"; sourceTree = "<group>"; };
		FACCFDFE2CB3E3350026C985 /* URLFactory.swift */ = {isa = PBXFileReference; lastKnownFileType = sourcecode.swift; path = URLFactory.swift; sourceTree = "<group>"; };
		FACCFE002CB3E3970026C985 /* NetworkServiceProtocol.swift */ = {isa = PBXFileReference; lastKnownFileType = sourcecode.swift; path = NetworkServiceProtocol.swift; sourceTree = "<group>"; };
		FACCFE022CB3E4360026C985 /* NetworkService.swift */ = {isa = PBXFileReference; lastKnownFileType = sourcecode.swift; path = NetworkService.swift; sourceTree = "<group>"; };
		FACCFE042CB3E4AB0026C985 /* NetworkService + Articles.swift */ = {isa = PBXFileReference; lastKnownFileType = sourcecode.swift; path = "NetworkService + Articles.swift"; sourceTree = "<group>"; };
		FACCFE082CB409F10026C985 /* ScreenFactory.swift */ = {isa = PBXFileReference; lastKnownFileType = sourcecode.swift; path = ScreenFactory.swift; sourceTree = "<group>"; };
		FACCFE0B2CB425960026C985 /* Articles.swift */ = {isa = PBXFileReference; lastKnownFileType = sourcecode.swift; path = Articles.swift; sourceTree = "<group>"; };
		FACCFE0F2CB438420026C985 /* DetailViewController.swift */ = {isa = PBXFileReference; lastKnownFileType = sourcecode.swift; path = DetailViewController.swift; sourceTree = "<group>"; };
		FACCFE112CB43A1E0026C985 /* DetailViewModel.swift */ = {isa = PBXFileReference; lastKnownFileType = sourcecode.swift; path = DetailViewModel.swift; sourceTree = "<group>"; };
		FACCFE132CB46C9C0026C985 /* FavoritesViewModel.swift */ = {isa = PBXFileReference; lastKnownFileType = sourcecode.swift; path = FavoritesViewModel.swift; sourceTree = "<group>"; };
		FACCFE152CB46E480026C985 /* String + Ext.swift */ = {isa = PBXFileReference; lastKnownFileType = sourcecode.swift; path = "String + Ext.swift"; sourceTree = "<group>"; };
		FACCFE182CB46EE50026C985 /* FavoriteTableViewCell.swift */ = {isa = PBXFileReference; lastKnownFileType = sourcecode.swift; path = FavoriteTableViewCell.swift; sourceTree = "<group>"; };
		FACCFE1A2CB472450026C985 /* Notification + Ext.swift */ = {isa = PBXFileReference; lastKnownFileType = sourcecode.swift; path = "Notification + Ext.swift"; sourceTree = "<group>"; };
/* End PBXFileReference section */

/* Begin PBXFrameworksBuildPhase section */
		FA60C9432CB3A88B00E52337 /* Frameworks */ = {
			isa = PBXFrameworksBuildPhase;
			buildActionMask = 2147483647;
			files = (
				FACCFDFD2CB3E0320026C985 /* SDWebImageMapKit in Frameworks */,
				FACCFDFB2CB3E0320026C985 /* SDWebImage in Frameworks */,
			);
			runOnlyForDeploymentPostprocessing = 0;
		};
/* End PBXFrameworksBuildPhase section */

/* Begin PBXGroup section */
		FA60C93D2CB3A88B00E52337 = {
			isa = PBXGroup;
			children = (
				FA60C9482CB3A88B00E52337 /* NewsApp */,
				FA60C9472CB3A88B00E52337 /* Products */,
			);
			sourceTree = "<group>";
		};
		FA60C9472CB3A88B00E52337 /* Products */ = {
			isa = PBXGroup;
			children = (
				FA60C9462CB3A88B00E52337 /* NewsApp.app */,
			);
			name = Products;
			sourceTree = "<group>";
		};
		FA60C9482CB3A88B00E52337 /* NewsApp */ = {
			isa = PBXGroup;
			children = (
				FA60C9612CB3B14400E52337 /* Application */,
				FACCFE0A2CB425560026C985 /* Models */,
				FA60C9672CB3B31400E52337 /* Views */,
				FACCFDE62CB3D92F0026C985 /* ViewModels */,
				FACCFDF42CB3DF1A0026C985 /* Extensions */,
				FACCFDEA2CB3DC300026C985 /* Common */,
				FA60C96A2CB3B35500E52337 /* Network */,
				FA60C9622CB3B16600E52337 /* Helpers */,
				FACCFDE42CB3C87A0026C985 /* Support */,
			);
			path = NewsApp;
			sourceTree = "<group>";
		};
		FA60C9612CB3B14400E52337 /* Application */ = {
			isa = PBXGroup;
			children = (
				FA60C9492CB3A88B00E52337 /* AppDelegate.swift */,
				FA60C95D2CB3AFBB00E52337 /* AppCoordinator.swift */,
			);
			path = Application;
			sourceTree = "<group>";
		};
		FA60C9622CB3B16600E52337 /* Helpers */ = {
			isa = PBXGroup;
			children = (
				FA60C9632CB3B1A300E52337 /* Localization.swift */,
				FA60C9652CB3B1CA00E52337 /* Styles.swift */,
				FA60C9682CB3B32700E52337 /* Font.swift */,
			);
			path = Helpers;
			sourceTree = "<group>";
		};
		FA60C9672CB3B31400E52337 /* Views */ = {
			isa = PBXGroup;
			children = (
				FACCFE062CB409C80026C985 /* Factory */,
				FACCFDE52CB3D9170026C985 /* Feed */,
				FACCFE0D2CB437F40026C985 /* Favorites */,
			);
			path = Views;
			sourceTree = "<group>";
		};
		FA60C96A2CB3B35500E52337 /* Network */ = {
			isa = PBXGroup;
			children = (
				FACCFDFE2CB3E3350026C985 /* URLFactory.swift */,
				FACCFE002CB3E3970026C985 /* NetworkServiceProtocol.swift */,
				FACCFE022CB3E4360026C985 /* NetworkService.swift */,
				FACCFE042CB3E4AB0026C985 /* NetworkService + Articles.swift */,
			);
			path = Network;
			sourceTree = "<group>";
		};
		FACCFDE42CB3C87A0026C985 /* Support */ = {
			isa = PBXGroup;
			children = (
				FA60C9522CB3A88E00E52337 /* Assets.xcassets */,
				FA60C9542CB3A88E00E52337 /* LaunchScreen.storyboard */,
				FA60C9572CB3A88E00E52337 /* Info.plist */,
			);
			path = Support;
			sourceTree = "<group>";
		};
		FACCFDE52CB3D9170026C985 /* Feed */ = {
			isa = PBXGroup;
			children = (
				FACCFDE92CB3D99E0026C985 /* Views */,
				FA60C94D2CB3A88B00E52337 /* FeedViewController.swift */,
				FACCFE0F2CB438420026C985 /* DetailViewController.swift */,
			);
			path = Feed;
			sourceTree = "<group>";
		};
		FACCFDE62CB3D92F0026C985 /* ViewModels */ = {
			isa = PBXGroup;
			children = (
				FACCFDE72CB3D9640026C985 /* FeedCardViewModel.swift */,
				FACCFE112CB43A1E0026C985 /* DetailViewModel.swift */,
				FACCFE132CB46C9C0026C985 /* FavoritesViewModel.swift */,
			);
			path = ViewModels;
			sourceTree = "<group>";
		};
		FACCFDE92CB3D99E0026C985 /* Views */ = {
			isa = PBXGroup;
			children = (
				FACCFDF02CB3DE680026C985 /* FeedViewCell.swift */,
				FACCFDF22CB3DEA50026C985 /* FeedCardView.swift */,
			);
			path = Views;
			sourceTree = "<group>";
		};
		FACCFDEA2CB3DC300026C985 /* Common */ = {
			isa = PBXGroup;
			children = (
				FACCFDEB2CB3DC3A0026C985 /* UI */,
				FACCFDEE2CB3DCB80026C985 /* Blocks.swift */,
			);
			path = Common;
			sourceTree = "<group>";
		};
		FACCFDEB2CB3DC3A0026C985 /* UI */ = {
			isa = PBXGroup;
			children = (
				FACCFDEC2CB3DC530026C985 /* BlockBarButtonItem.swift */,
			);
			path = UI;
			sourceTree = "<group>";
		};
		FACCFDF42CB3DF1A0026C985 /* Extensions */ = {
			isa = PBXGroup;
			children = (
				FA60C95F2CB3B0DD00E52337 /* ReuseIdentifier.swift */,
				FACCFDF52CB3DF380026C985 /* UIColor + Ext.swift */,
				FACCFDF72CB3DFC80026C985 /* UIImage + URL.swift */,
				FACCFE152CB46E480026C985 /* String + Ext.swift */,
				FACCFE1A2CB472450026C985 /* Notification + Ext.swift */,
			);
			path = Extensions;
			sourceTree = "<group>";
		};
		FACCFE062CB409C80026C985 /* Factory */ = {
			isa = PBXGroup;
			children = (
				FACCFE082CB409F10026C985 /* ScreenFactory.swift */,
			);
			path = Factory;
			sourceTree = "<group>";
		};
		FACCFE0A2CB425560026C985 /* Models */ = {
			isa = PBXGroup;
			children = (
				FACCFE0B2CB425960026C985 /* Articles.swift */,
			);
			path = Models;
			sourceTree = "<group>";
		};
		FACCFE0D2CB437F40026C985 /* Favorites */ = {
			isa = PBXGroup;
			children = (
				FACCFE172CB46EB00026C985 /* Views */,
				FA60C96C2CB3B4DF00E52337 /* FavoritesViewController.swift */,
			);
			path = Favorites;
			sourceTree = "<group>";
		};
		FACCFE172CB46EB00026C985 /* Views */ = {
			isa = PBXGroup;
			children = (
				FACCFE182CB46EE50026C985 /* FavoriteTableViewCell.swift */,
			);
			path = Views;
			sourceTree = "<group>";
		};
/* End PBXGroup section */

/* Begin PBXNativeTarget section */
		FA60C9452CB3A88B00E52337 /* NewsApp */ = {
			isa = PBXNativeTarget;
			buildConfigurationList = FA60C95A2CB3A88E00E52337 /* Build configuration list for PBXNativeTarget "NewsApp" */;
			buildPhases = (
				FA60C9422CB3A88B00E52337 /* Sources */,
				FA60C9432CB3A88B00E52337 /* Frameworks */,
				FA60C9442CB3A88B00E52337 /* Resources */,
			);
			buildRules = (
			);
			dependencies = (
			);
			name = NewsApp;
			packageProductDependencies = (
				FACCFDFA2CB3E0320026C985 /* SDWebImage */,
				FACCFDFC2CB3E0320026C985 /* SDWebImageMapKit */,
			);
			productName = "News App";
			productReference = FA60C9462CB3A88B00E52337 /* NewsApp.app */;
			productType = "com.apple.product-type.application";
		};
/* End PBXNativeTarget section */

/* Begin PBXProject section */
		FA60C93E2CB3A88B00E52337 /* Project object */ = {
			isa = PBXProject;
			attributes = {
				BuildIndependentTargetsInParallel = 1;
				LastSwiftUpdateCheck = 1520;
				LastUpgradeCheck = 1520;
				TargetAttributes = {
					FA60C9452CB3A88B00E52337 = {
						CreatedOnToolsVersion = 15.2;
					};
				};
			};
			buildConfigurationList = FA60C9412CB3A88B00E52337 /* Build configuration list for PBXProject "NewsApp" */;
			compatibilityVersion = "Xcode 14.0";
			developmentRegion = en;
			hasScannedForEncodings = 0;
			knownRegions = (
				en,
				Base,
			);
			mainGroup = FA60C93D2CB3A88B00E52337;
			packageReferences = (
				FACCFDF92CB3E0320026C985 /* XCRemoteSwiftPackageReference "SDWebImage" */,
			);
			productRefGroup = FA60C9472CB3A88B00E52337 /* Products */;
			projectDirPath = "";
			projectRoot = "";
			targets = (
				FA60C9452CB3A88B00E52337 /* NewsApp */,
			);
		};
/* End PBXProject section */

/* Begin PBXResourcesBuildPhase section */
		FA60C9442CB3A88B00E52337 /* Resources */ = {
			isa = PBXResourcesBuildPhase;
			buildActionMask = 2147483647;
			files = (
				FA60C9562CB3A88E00E52337 /* LaunchScreen.storyboard in Resources */,
				FA60C9532CB3A88E00E52337 /* Assets.xcassets in Resources */,
			);
			runOnlyForDeploymentPostprocessing = 0;
		};
/* End PBXResourcesBuildPhase section */

/* Begin PBXSourcesBuildPhase section */
		FA60C9422CB3A88B00E52337 /* Sources */ = {
			isa = PBXSourcesBuildPhase;
			buildActionMask = 2147483647;
			files = (
				FACCFDF62CB3DF380026C985 /* UIColor + Ext.swift in Sources */,
				FA60C95E2CB3AFBB00E52337 /* AppCoordinator.swift in Sources */,
				FA60C9642CB3B1A300E52337 /* Localization.swift in Sources */,
				FACCFE052CB3E4AB0026C985 /* NetworkService + Articles.swift in Sources */,
				FA60C96D2CB3B4DF00E52337 /* FavoritesViewController.swift in Sources */,
				FACCFE032CB3E4360026C985 /* NetworkService.swift in Sources */,
				FACCFE1B2CB472450026C985 /* Notification + Ext.swift in Sources */,
				FACCFE012CB3E3970026C985 /* NetworkServiceProtocol.swift in Sources */,
				FACCFE192CB46EE50026C985 /* FavoriteTableViewCell.swift in Sources */,
				FACCFE0C2CB425960026C985 /* Articles.swift in Sources */,
				FACCFDE82CB3D9640026C985 /* FeedCardViewModel.swift in Sources */,
				FA60C9692CB3B32700E52337 /* Font.swift in Sources */,
				FACCFDFF2CB3E3350026C985 /* URLFactory.swift in Sources */,
				FACCFE122CB43A1E0026C985 /* DetailViewModel.swift in Sources */,
				FACCFE162CB46E480026C985 /* String + Ext.swift in Sources */,
				FACCFE102CB438420026C985 /* DetailViewController.swift in Sources */,
				FACCFDF32CB3DEA50026C985 /* FeedCardView.swift in Sources */,
				FA60C94E2CB3A88B00E52337 /* FeedViewController.swift in Sources */,
				FACCFDEF2CB3DCB80026C985 /* Blocks.swift in Sources */,
				FA60C9662CB3B1CA00E52337 /* Styles.swift in Sources */,
				FACCFE092CB409F10026C985 /* ScreenFactory.swift in Sources */,
				FACCFE142CB46C9C0026C985 /* FavoritesViewModel.swift in Sources */,
				FACCFDF12CB3DE680026C985 /* FeedViewCell.swift in Sources */,
				FACCFDF82CB3DFC80026C985 /* UIImage + URL.swift in Sources */,
				FA60C94A2CB3A88B00E52337 /* AppDelegate.swift in Sources */,
				FACCFDED2CB3DC530026C985 /* BlockBarButtonItem.swift in Sources */,
				FA60C9602CB3B0DD00E52337 /* ReuseIdentifier.swift in Sources */,
			);
			runOnlyForDeploymentPostprocessing = 0;
		};
/* End PBXSourcesBuildPhase section */

/* Begin PBXVariantGroup section */
		FA60C9542CB3A88E00E52337 /* LaunchScreen.storyboard */ = {
			isa = PBXVariantGroup;
			children = (
				FA60C9552CB3A88E00E52337 /* Base */,
			);
			name = LaunchScreen.storyboard;
			sourceTree = "<group>";
		};
/* End PBXVariantGroup section */

/* Begin XCBuildConfiguration section */
		FA60C9582CB3A88E00E52337 /* Debug */ = {
			isa = XCBuildConfiguration;
			buildSettings = {
				ALWAYS_SEARCH_USER_PATHS = NO;
				ASSETCATALOG_COMPILER_GENERATE_SWIFT_ASSET_SYMBOL_EXTENSIONS = YES;
				CLANG_ANALYZER_NONNULL = YES;
				CLANG_ANALYZER_NUMBER_OBJECT_CONVERSION = YES_AGGRESSIVE;
				CLANG_CXX_LANGUAGE_STANDARD = "gnu++20";
				CLANG_ENABLE_MODULES = YES;
				CLANG_ENABLE_OBJC_ARC = YES;
				CLANG_ENABLE_OBJC_WEAK = YES;
				CLANG_WARN_BLOCK_CAPTURE_AUTORELEASING = YES;
				CLANG_WARN_BOOL_CONVERSION = YES;
				CLANG_WARN_COMMA = YES;
				CLANG_WARN_CONSTANT_CONVERSION = YES;
				CLANG_WARN_DEPRECATED_OBJC_IMPLEMENTATIONS = YES;
				CLANG_WARN_DIRECT_OBJC_ISA_USAGE = YES_ERROR;
				CLANG_WARN_DOCUMENTATION_COMMENTS = YES;
				CLANG_WARN_EMPTY_BODY = YES;
				CLANG_WARN_ENUM_CONVERSION = YES;
				CLANG_WARN_INFINITE_RECURSION = YES;
				CLANG_WARN_INT_CONVERSION = YES;
				CLANG_WARN_NON_LITERAL_NULL_CONVERSION = YES;
				CLANG_WARN_OBJC_IMPLICIT_RETAIN_SELF = YES;
				CLANG_WARN_OBJC_LITERAL_CONVERSION = YES;
				CLANG_WARN_OBJC_ROOT_CLASS = YES_ERROR;
				CLANG_WARN_QUOTED_INCLUDE_IN_FRAMEWORK_HEADER = YES;
				CLANG_WARN_RANGE_LOOP_ANALYSIS = YES;
				CLANG_WARN_STRICT_PROTOTYPES = YES;
				CLANG_WARN_SUSPICIOUS_MOVE = YES;
				CLANG_WARN_UNGUARDED_AVAILABILITY = YES_AGGRESSIVE;
				CLANG_WARN_UNREACHABLE_CODE = YES;
				CLANG_WARN__DUPLICATE_METHOD_MATCH = YES;
				COPY_PHASE_STRIP = NO;
				DEBUG_INFORMATION_FORMAT = dwarf;
				ENABLE_STRICT_OBJC_MSGSEND = YES;
				ENABLE_TESTABILITY = YES;
				ENABLE_USER_SCRIPT_SANDBOXING = YES;
				GCC_C_LANGUAGE_STANDARD = gnu17;
				GCC_DYNAMIC_NO_PIC = NO;
				GCC_NO_COMMON_BLOCKS = YES;
				GCC_OPTIMIZATION_LEVEL = 0;
				GCC_PREPROCESSOR_DEFINITIONS = (
					"DEBUG=1",
					"$(inherited)",
				);
				GCC_WARN_64_TO_32_BIT_CONVERSION = YES;
				GCC_WARN_ABOUT_RETURN_TYPE = YES_ERROR;
				GCC_WARN_UNDECLARED_SELECTOR = YES;
				GCC_WARN_UNINITIALIZED_AUTOS = YES_AGGRESSIVE;
				GCC_WARN_UNUSED_FUNCTION = YES;
				GCC_WARN_UNUSED_VARIABLE = YES;
				IPHONEOS_DEPLOYMENT_TARGET = 15.0;
				LOCALIZATION_PREFERS_STRING_CATALOGS = YES;
				MTL_ENABLE_DEBUG_INFO = INCLUDE_SOURCE;
				MTL_FAST_MATH = YES;
				ONLY_ACTIVE_ARCH = YES;
				SDKROOT = iphoneos;
				SWIFT_ACTIVE_COMPILATION_CONDITIONS = "DEBUG $(inherited)";
				SWIFT_OPTIMIZATION_LEVEL = "-Onone";
			};
			name = Debug;
		};
		FA60C9592CB3A88E00E52337 /* Release */ = {
			isa = XCBuildConfiguration;
			buildSettings = {
				ALWAYS_SEARCH_USER_PATHS = NO;
				ASSETCATALOG_COMPILER_GENERATE_SWIFT_ASSET_SYMBOL_EXTENSIONS = YES;
				CLANG_ANALYZER_NONNULL = YES;
				CLANG_ANALYZER_NUMBER_OBJECT_CONVERSION = YES_AGGRESSIVE;
				CLANG_CXX_LANGUAGE_STANDARD = "gnu++20";
				CLANG_ENABLE_MODULES = YES;
				CLANG_ENABLE_OBJC_ARC = YES;
				CLANG_ENABLE_OBJC_WEAK = YES;
				CLANG_WARN_BLOCK_CAPTURE_AUTORELEASING = YES;
				CLANG_WARN_BOOL_CONVERSION = YES;
				CLANG_WARN_COMMA = YES;
				CLANG_WARN_CONSTANT_CONVERSION = YES;
				CLANG_WARN_DEPRECATED_OBJC_IMPLEMENTATIONS = YES;
				CLANG_WARN_DIRECT_OBJC_ISA_USAGE = YES_ERROR;
				CLANG_WARN_DOCUMENTATION_COMMENTS = YES;
				CLANG_WARN_EMPTY_BODY = YES;
				CLANG_WARN_ENUM_CONVERSION = YES;
				CLANG_WARN_INFINITE_RECURSION = YES;
				CLANG_WARN_INT_CONVERSION = YES;
				CLANG_WARN_NON_LITERAL_NULL_CONVERSION = YES;
				CLANG_WARN_OBJC_IMPLICIT_RETAIN_SELF = YES;
				CLANG_WARN_OBJC_LITERAL_CONVERSION = YES;
				CLANG_WARN_OBJC_ROOT_CLASS = YES_ERROR;
				CLANG_WARN_QUOTED_INCLUDE_IN_FRAMEWORK_HEADER = YES;
				CLANG_WARN_RANGE_LOOP_ANALYSIS = YES;
				CLANG_WARN_STRICT_PROTOTYPES = YES;
				CLANG_WARN_SUSPICIOUS_MOVE = YES;
				CLANG_WARN_UNGUARDED_AVAILABILITY = YES_AGGRESSIVE;
				CLANG_WARN_UNREACHABLE_CODE = YES;
				CLANG_WARN__DUPLICATE_METHOD_MATCH = YES;
				COPY_PHASE_STRIP = NO;
				DEBUG_INFORMATION_FORMAT = "dwarf-with-dsym";
				ENABLE_NS_ASSERTIONS = NO;
				ENABLE_STRICT_OBJC_MSGSEND = YES;
				ENABLE_USER_SCRIPT_SANDBOXING = YES;
				GCC_C_LANGUAGE_STANDARD = gnu17;
				GCC_NO_COMMON_BLOCKS = YES;
				GCC_WARN_64_TO_32_BIT_CONVERSION = YES;
				GCC_WARN_ABOUT_RETURN_TYPE = YES_ERROR;
				GCC_WARN_UNDECLARED_SELECTOR = YES;
				GCC_WARN_UNINITIALIZED_AUTOS = YES_AGGRESSIVE;
				GCC_WARN_UNUSED_FUNCTION = YES;
				GCC_WARN_UNUSED_VARIABLE = YES;
				IPHONEOS_DEPLOYMENT_TARGET = 15.0;
				LOCALIZATION_PREFERS_STRING_CATALOGS = YES;
				MTL_ENABLE_DEBUG_INFO = NO;
				MTL_FAST_MATH = YES;
				SDKROOT = iphoneos;
				SWIFT_COMPILATION_MODE = wholemodule;
				VALIDATE_PRODUCT = YES;
			};
			name = Release;
		};
		FA60C95B2CB3A88E00E52337 /* Debug */ = {
			isa = XCBuildConfiguration;
			buildSettings = {
				ASSETCATALOG_COMPILER_APPICON_NAME = AppIcon;
				ASSETCATALOG_COMPILER_GLOBAL_ACCENT_COLOR_NAME = AccentColor;
				CODE_SIGN_STYLE = Automatic;
				CURRENT_PROJECT_VERSION = 1;
				DEVELOPMENT_TEAM = 8A8R6ZQST8;
				GENERATE_INFOPLIST_FILE = YES;
				INFOPLIST_FILE = NewsApp/Support/Info.plist;
				INFOPLIST_KEY_UIApplicationSupportsIndirectInputEvents = YES;
				INFOPLIST_KEY_UILaunchStoryboardName = LaunchScreen;
				INFOPLIST_KEY_UISupportedInterfaceOrientations_iPad = "UIInterfaceOrientationPortrait UIInterfaceOrientationPortraitUpsideDown UIInterfaceOrientationLandscapeLeft UIInterfaceOrientationLandscapeRight";
				INFOPLIST_KEY_UISupportedInterfaceOrientations_iPhone = "UIInterfaceOrientationPortrait UIInterfaceOrientationLandscapeLeft UIInterfaceOrientationLandscapeRight";
				IPHONEOS_DEPLOYMENT_TARGET = 15.0;
				LD_RUNPATH_SEARCH_PATHS = (
					"$(inherited)",
					"@executable_path/Frameworks",
				);
				MARKETING_VERSION = 1.0;
				PRODUCT_BUNDLE_IDENTIFIER = "justiOSDev.News-App";
				PRODUCT_NAME = "$(TARGET_NAME)";
				SUPPORTED_PLATFORMS = "iphoneos iphonesimulator";
				SUPPORTS_MACCATALYST = NO;
				SUPPORTS_MAC_DESIGNED_FOR_IPHONE_IPAD = NO;
				SUPPORTS_XR_DESIGNED_FOR_IPHONE_IPAD = NO;
				SWIFT_EMIT_LOC_STRINGS = YES;
				SWIFT_VERSION = 5.0;
				TARGETED_DEVICE_FAMILY = 1;
			};
			name = Debug;
		};
		FA60C95C2CB3A88E00E52337 /* Release */ = {
			isa = XCBuildConfiguration;
			buildSettings = {
				ASSETCATALOG_COMPILER_APPICON_NAME = AppIcon;
				ASSETCATALOG_COMPILER_GLOBAL_ACCENT_COLOR_NAME = AccentColor;
				CODE_SIGN_STYLE = Automatic;
				CURRENT_PROJECT_VERSION = 1;
				DEVELOPMENT_TEAM = 8A8R6ZQST8;
				GENERATE_INFOPLIST_FILE = YES;
				INFOPLIST_FILE = NewsApp/Support/Info.plist;
				INFOPLIST_KEY_UIApplicationSupportsIndirectInputEvents = YES;
				INFOPLIST_KEY_UILaunchStoryboardName = LaunchScreen;
				INFOPLIST_KEY_UISupportedInterfaceOrientations_iPad = "UIInterfaceOrientationPortrait UIInterfaceOrientationPortraitUpsideDown UIInterfaceOrientationLandscapeLeft UIInterfaceOrientationLandscapeRight";
				INFOPLIST_KEY_UISupportedInterfaceOrientations_iPhone = "UIInterfaceOrientationPortrait UIInterfaceOrientationLandscapeLeft UIInterfaceOrientationLandscapeRight";
				IPHONEOS_DEPLOYMENT_TARGET = 15.0;
				LD_RUNPATH_SEARCH_PATHS = (
					"$(inherited)",
					"@executable_path/Frameworks",
				);
				MARKETING_VERSION = 1.0;
				PRODUCT_BUNDLE_IDENTIFIER = "justiOSDev.News-App";
				PRODUCT_NAME = "$(TARGET_NAME)";
				SUPPORTED_PLATFORMS = "iphoneos iphonesimulator";
				SUPPORTS_MACCATALYST = NO;
				SUPPORTS_MAC_DESIGNED_FOR_IPHONE_IPAD = NO;
				SUPPORTS_XR_DESIGNED_FOR_IPHONE_IPAD = NO;
				SWIFT_EMIT_LOC_STRINGS = YES;
				SWIFT_VERSION = 5.0;
				TARGETED_DEVICE_FAMILY = 1;
			};
			name = Release;
		};
/* End XCBuildConfiguration section */

/* Begin XCConfigurationList section */
		FA60C9412CB3A88B00E52337 /* Build configuration list for PBXProject "NewsApp" */ = {
			isa = XCConfigurationList;
			buildConfigurations = (
				FA60C9582CB3A88E00E52337 /* Debug */,
				FA60C9592CB3A88E00E52337 /* Release */,
			);
			defaultConfigurationIsVisible = 0;
			defaultConfigurationName = Release;
		};
		FA60C95A2CB3A88E00E52337 /* Build configuration list for PBXNativeTarget "NewsApp" */ = {
			isa = XCConfigurationList;
			buildConfigurations = (
				FA60C95B2CB3A88E00E52337 /* Debug */,
				FA60C95C2CB3A88E00E52337 /* Release */,
			);
			defaultConfigurationIsVisible = 0;
			defaultConfigurationName = Release;
		};
/* End XCConfigurationList section */

/* Begin XCRemoteSwiftPackageReference section */
		FACCFDF92CB3E0320026C985 /* XCRemoteSwiftPackageReference "SDWebImage" */ = {
			isa = XCRemoteSwiftPackageReference;
			repositoryURL = "https://github.com/SDWebImage/SDWebImage";
			requirement = {
				kind = upToNextMajorVersion;
				minimumVersion = 5.19.7;
			};
		};
/* End XCRemoteSwiftPackageReference section */

/* Begin XCSwiftPackageProductDependency section */
		FACCFDFA2CB3E0320026C985 /* SDWebImage */ = {
			isa = XCSwiftPackageProductDependency;
			package = FACCFDF92CB3E0320026C985 /* XCRemoteSwiftPackageReference "SDWebImage" */;
			productName = SDWebImage;
		};
		FACCFDFC2CB3E0320026C985 /* SDWebImageMapKit */ = {
			isa = XCSwiftPackageProductDependency;
			package = FACCFDF92CB3E0320026C985 /* XCRemoteSwiftPackageReference "SDWebImage" */;
			productName = SDWebImageMapKit;
		};
/* End XCSwiftPackageProductDependency section */
	};
	rootObject = FA60C93E2CB3A88B00E52337 /* Project object */;
}
